
Microsoft Visual Studio Solution File, Format Version 12.00
# Visual Studio 2013
VisualStudioVersion = 12.0.40629.0
MinimumVisualStudioVersion = 10.0.40219.1
Project("{FAE04EC0-301F-11D3-BF4B-00C04F79EFBC}") = "Axel-track", "Axel-track\Axel-track.csproj", "{B2C1540F-C2E8-49F2-9C56-CB1AAEED3FD7}"
EndProject
Project("{FAE04EC0-301F-11D3-BF4B-00C04F79EFBC}") = "Axel-probe", "Axel-probe\Axel-probe\Axel-probe.csproj", "{9C288394-1DE7-4F48-9D10-1DDE8827D738}"
EndProject
Project("{FAE04EC0-301F-11D3-BF4B-00C04F79EFBC}") = "Axel-hub", "Axel-hub\Axel-hub\Axel-hub.csproj", "{6C5C4030-6910-4AC7-BD4A-79476703D912}"
EndProject
Project("{FAE04EC0-301F-11D3-BF4B-00C04F79EFBC}") = "AxelChart", "AxelChart\AxelChart\AxelChart.csproj", "{C8285DB3-DE2F-4B3B-B79A-454B4C4C2828}"
EndProject
Project("{FAE04EC0-301F-11D3-BF4B-00C04F79EFBC}") = "UtilsLib", "Utils\UtilsLib.csproj", "{A377A708-96B9-4569-BC22-0187D647611E}"
EndProject
Project("{FAE04EC0-301F-11D3-BF4B-00C04F79EFBC}") = "scanHub", "Axel-hub\scanUC\scanUC\scanHub.csproj", "{EC092AFA-EC88-499D-9932-0A0273F4BF87}"
EndProject
Project("{FAE04EC0-301F-11D3-BF4B-00C04F79EFBC}") = "AxelProcUC", "Axel-boss\AxelProcUC\AxelProcUC\AxelProcUC.csproj", "{FB3CF2E1-3F30-4D9A-8667-75245ABC16FA}"
EndProject
Global
	GlobalSection(SolutionConfigurationPlatforms) = preSolution
		Debug|Any CPU = Debug|Any CPU
		Debug|x64 = Debug|x64
		Debug|x86 = Debug|x86
		Release|Any CPU = Release|Any CPU
		Release|x64 = Release|x64
		Release|x86 = Release|x86
	EndGlobalSection
	GlobalSection(ProjectConfigurationPlatforms) = postSolution
		{B2C1540F-C2E8-49F2-9C56-CB1AAEED3FD7}.Debug|Any CPU.ActiveCfg = Debug|Any CPU
		{B2C1540F-C2E8-49F2-9C56-CB1AAEED3FD7}.Debug|Any CPU.Build.0 = Debug|Any CPU
		{B2C1540F-C2E8-49F2-9C56-CB1AAEED3FD7}.Debug|x64.ActiveCfg = Debug|x64
		{B2C1540F-C2E8-49F2-9C56-CB1AAEED3FD7}.Debug|x64.Build.0 = Debug|x64
		{B2C1540F-C2E8-49F2-9C56-CB1AAEED3FD7}.Debug|x86.ActiveCfg = Debug|x86
		{B2C1540F-C2E8-49F2-9C56-CB1AAEED3FD7}.Debug|x86.Build.0 = Debug|x86
		{B2C1540F-C2E8-49F2-9C56-CB1AAEED3FD7}.Release|Any CPU.ActiveCfg = Release|Any CPU
		{B2C1540F-C2E8-49F2-9C56-CB1AAEED3FD7}.Release|Any CPU.Build.0 = Release|Any CPU
		{B2C1540F-C2E8-49F2-9C56-CB1AAEED3FD7}.Release|x64.ActiveCfg = Release|x64
		{B2C1540F-C2E8-49F2-9C56-CB1AAEED3FD7}.Release|x64.Build.0 = Release|x64
		{B2C1540F-C2E8-49F2-9C56-CB1AAEED3FD7}.Release|x86.ActiveCfg = Release|x86
		{B2C1540F-C2E8-49F2-9C56-CB1AAEED3FD7}.Release|x86.Build.0 = Release|x86
		{9C288394-1DE7-4F48-9D10-1DDE8827D738}.Debug|Any CPU.ActiveCfg = Debug|Any CPU
		{9C288394-1DE7-4F48-9D10-1DDE8827D738}.Debug|Any CPU.Build.0 = Debug|Any CPU
		{9C288394-1DE7-4F48-9D10-1DDE8827D738}.Debug|x64.ActiveCfg = Debug|Any CPU
		{9C288394-1DE7-4F48-9D10-1DDE8827D738}.Debug|x86.ActiveCfg = Debug|Any CPU
		{9C288394-1DE7-4F48-9D10-1DDE8827D738}.Release|Any CPU.ActiveCfg = Release|Any CPU
		{9C288394-1DE7-4F48-9D10-1DDE8827D738}.Release|Any CPU.Build.0 = Release|Any CPU
		{9C288394-1DE7-4F48-9D10-1DDE8827D738}.Release|x64.ActiveCfg = Release|Any CPU
		{9C288394-1DE7-4F48-9D10-1DDE8827D738}.Release|x86.ActiveCfg = Release|Any CPU
		{6C5C4030-6910-4AC7-BD4A-79476703D912}.Debug|Any CPU.ActiveCfg = Debug|Any CPU
		{6C5C4030-6910-4AC7-BD4A-79476703D912}.Debug|Any CPU.Build.0 = Debug|Any CPU
		{6C5C4030-6910-4AC7-BD4A-79476703D912}.Debug|x64.ActiveCfg = Debug|Any CPU
		{6C5C4030-6910-4AC7-BD4A-79476703D912}.Debug|x86.ActiveCfg = Debug|Any CPU
		{6C5C4030-6910-4AC7-BD4A-79476703D912}.Release|Any CPU.ActiveCfg = Release|Any CPU
		{6C5C4030-6910-4AC7-BD4A-79476703D912}.Release|Any CPU.Build.0 = Release|Any CPU
		{6C5C4030-6910-4AC7-BD4A-79476703D912}.Release|x64.ActiveCfg = Release|Any CPU
		{6C5C4030-6910-4AC7-BD4A-79476703D912}.Release|x86.ActiveCfg = Release|Any CPU
		{C8285DB3-DE2F-4B3B-B79A-454B4C4C2828}.Debug|Any CPU.ActiveCfg = Debug|Any CPU
		{C8285DB3-DE2F-4B3B-B79A-454B4C4C2828}.Debug|Any CPU.Build.0 = Debug|Any CPU
		{C8285DB3-DE2F-4B3B-B79A-454B4C4C2828}.Debug|x64.ActiveCfg = Debug|Any CPU
		{C8285DB3-DE2F-4B3B-B79A-454B4C4C2828}.Debug|x86.ActiveCfg = Debug|Any CPU
		{C8285DB3-DE2F-4B3B-B79A-454B4C4C2828}.Release|Any CPU.ActiveCfg = Release|Any CPU
		{C8285DB3-DE2F-4B3B-B79A-454B4C4C2828}.Release|Any CPU.Build.0 = Release|Any CPU
		{C8285DB3-DE2F-4B3B-B79A-454B4C4C2828}.Release|x64.ActiveCfg = Release|Any CPU
		{C8285DB3-DE2F-4B3B-B79A-454B4C4C2828}.Release|x86.ActiveCfg = Release|Any CPU
		{A377A708-96B9-4569-BC22-0187D647611E}.Debug|Any CPU.ActiveCfg = Debug|Any CPU
		{A377A708-96B9-4569-BC22-0187D647611E}.Debug|Any CPU.Build.0 = Debug|Any CPU
		{A377A708-96B9-4569-BC22-0187D647611E}.Debug|x64.ActiveCfg = Debug|Any CPU
		{A377A708-96B9-4569-BC22-0187D647611E}.Debug|x86.ActiveCfg = Debug|Any CPU
		{A377A708-96B9-4569-BC22-0187D647611E}.Release|Any CPU.ActiveCfg = Release|Any CPU
		{A377A708-96B9-4569-BC22-0187D647611E}.Release|Any CPU.Build.0 = Release|Any CPU
		{A377A708-96B9-4569-BC22-0187D647611E}.Release|x64.ActiveCfg = Release|Any CPU
		{A377A708-96B9-4569-BC22-0187D647611E}.Release|x86.ActiveCfg = Release|Any CPU
		{EC092AFA-EC88-499D-9932-0A0273F4BF87}.Debug|Any CPU.ActiveCfg = Debug|Any CPU
		{EC092AFA-EC88-499D-9932-0A0273F4BF87}.Debug|Any CPU.Build.0 = Debug|Any CPU
		{EC092AFA-EC88-499D-9932-0A0273F4BF87}.Debug|x64.ActiveCfg = Debug|Any CPU
		{EC092AFA-EC88-499D-9932-0A0273F4BF87}.Debug|x86.ActiveCfg = Debug|Any CPU
		{EC092AFA-EC88-499D-9932-0A0273F4BF87}.Release|Any CPU.ActiveCfg = Release|Any CPU
		{EC092AFA-EC88-499D-9932-0A0273F4BF87}.Release|Any CPU.Build.0 = Release|Any CPU
		{EC092AFA-EC88-499D-9932-0A0273F4BF87}.Release|x64.ActiveCfg = Release|Any CPU
		{EC092AFA-EC88-499D-9932-0A0273F4BF87}.Release|x86.ActiveCfg = Release|Any CPU
		{FB3CF2E1-3F30-4D9A-8667-75245ABC16FA}.Debug|Any CPU.ActiveCfg = Debug|Any CPU
		{FB3CF2E1-3F30-4D9A-8667-75245ABC16FA}.Debug|Any CPU.Build.0 = Debug|Any CPU
		{FB3CF2E1-3F30-4D9A-8667-75245ABC16FA}.Debug|x64.ActiveCfg = Debug|Any CPU
		{FB3CF2E1-3F30-4D9A-8667-75245ABC16FA}.Debug|x86.ActiveCfg = Debug|Any CPU
		{FB3CF2E1-3F30-4D9A-8667-75245ABC16FA}.Release|Any CPU.ActiveCfg = Release|Any CPU
		{FB3CF2E1-3F30-4D9A-8667-75245ABC16FA}.Release|Any CPU.Build.0 = Release|Any CPU
		{FB3CF2E1-3F30-4D9A-8667-75245ABC16FA}.Release|x64.ActiveCfg = Release|Any CPU
		{FB3CF2E1-3F30-4D9A-8667-75245ABC16FA}.Release|x86.ActiveCfg = Release|Any CPU
	EndGlobalSection
	GlobalSection(SolutionProperties) = preSolution
		HideSolutionNode = FALSE
	EndGlobalSection
EndGlobal
